
Microsoft Visual Studio Solution File, Format Version 12.00
# Visual Studio Version 17
VisualStudioVersion = 17.1.31911.260
MinimumVisualStudioVersion = 10.0.40219.1
Project("{8BC9CEB8-8B4A-11D0-8D11-00A0C91BC942}") = "ChuongTrinh001", "ChuongTrinh001\ChuongTrinh001.vcxproj", "{0332FA1B-EE23-40EE-913F-2AC9FFBA374A}"
EndProject
Project("{8BC9CEB8-8B4A-11D0-8D11-00A0C91BC942}") = "ChuongTrinh002", "ChuongTrinh002\ChuongTrinh002.vcxproj", "{6360CF89-1322-4777-8582-ED41450B5419}"
EndProject
Project("{8BC9CEB8-8B4A-11D0-8D11-00A0C91BC942}") = "Bai001", "Bai001\Bai001.vcxproj", "{DF7A7401-6B98-4C0E-B034-932EC458F03A}"
EndProject
Project("{8BC9CEB8-8B4A-11D0-8D11-00A0C91BC942}") = "Bai002", "Bai002\Bai002.vcxproj", "{6043E630-0595-4797-BA2A-1346A44B6599}"
EndProject
Project("{8BC9CEB8-8B4A-11D0-8D11-00A0C91BC942}") = "Bai005", "Bai005\Bai005.vcxproj", "{044F3BE9-DB64-4AA9-B862-DB24F3C749D9}"
EndProject
Project("{8BC9CEB8-8B4A-11D0-8D11-00A0C91BC942}") = "Bai006", "Bai006\Bai006.vcxproj", "{1E720494-5779-48AF-A2CE-CCDA63C8040C}"
EndProject
Project("{8BC9CEB8-8B4A-11D0-8D11-00A0C91BC942}") = "Bai007", "Bai007\Bai007.vcxproj", "{8A9AB2D8-C790-4510-8AA6-AA68B09A465F}"
EndProject
Project("{8BC9CEB8-8B4A-11D0-8D11-00A0C91BC942}") = "Bai008", "Bai008\Bai008.vcxproj", "{54B2E809-C204-4F0A-A21B-39C3714F0CDD}"
EndProject
Project("{8BC9CEB8-8B4A-11D0-8D11-00A0C91BC942}") = "Bai009", "Bai009\Bai009.vcxproj", "{19FAB564-836F-4C54-BC86-083243C938A6}"
EndProject
Project("{8BC9CEB8-8B4A-11D0-8D11-00A0C91BC942}") = "Bai010", "Bai010\Bai010.vcxproj", "{A15A66F6-A2F7-4DFE-9B6D-BDCE56849F16}"
EndProject
Project("{8BC9CEB8-8B4A-11D0-8D11-00A0C91BC942}") = "Bai011", "Bai011\Bai011.vcxproj", "{8965C5D8-4900-40C5-A77C-DDC92D849C3B}"
EndProject
Project("{8BC9CEB8-8B4A-11D0-8D11-00A0C91BC942}") = "Bai012", "Bai012\Bai012.vcxproj", "{216249EC-558B-4828-8623-87A72AEA69B4}"
EndProject
Project("{8BC9CEB8-8B4A-11D0-8D11-00A0C91BC942}") = "Bai013", "Bai013\Bai013.vcxproj", "{729B98F8-8A43-4B0B-B030-7C174E80C6FC}"
EndProject
Project("{8BC9CEB8-8B4A-11D0-8D11-00A0C91BC942}") = "Bai014", "Bai014\Bai014.vcxproj", "{BFDDE4DB-ED5A-44EF-B415-DD888A891E9A}"
EndProject
Project("{8BC9CEB8-8B4A-11D0-8D11-00A0C91BC942}") = "Bai015", "Bai015\Bai015.vcxproj", "{BAB0D887-F9D6-4D42-A4B2-2011B10C3145}"
EndProject
Project("{8BC9CEB8-8B4A-11D0-8D11-00A0C91BC942}") = "Bai016", "Bai016\Bai016.vcxproj", "{6D79BA5E-D68C-4AE8-9B57-4431D4190464}"
EndProject
Project("{8BC9CEB8-8B4A-11D0-8D11-00A0C91BC942}") = "Bai017", "Bai017\Bai017.vcxproj", "{24A6B41E-4906-48CF-BAB0-21390690F511}"
EndProject
Project("{8BC9CEB8-8B4A-11D0-8D11-00A0C91BC942}") = "Bai018", "Bai018\Bai018.vcxproj", "{8DFF9A6F-D588-45BA-90AA-419370D963FE}"
EndProject
Project("{8BC9CEB8-8B4A-11D0-8D11-00A0C91BC942}") = "Bai019", "Bai019\Bai019.vcxproj", "{57DE4E0B-F2C4-426E-B6B0-10692FBF3E6D}"
EndProject
Project("{8BC9CEB8-8B4A-11D0-8D11-00A0C91BC942}") = "Bai020", "Bai020\Bai020.vcxproj", "{0A93B423-CFFE-4775-9206-1E417F65D81A}"
EndProject
Project("{8BC9CEB8-8B4A-11D0-8D11-00A0C91BC942}") = "Bai021", "Bai021\Bai021.vcxproj", "{5D42DACC-2DF4-46F8-95B3-17995EC52C34}"
EndProject
Project("{8BC9CEB8-8B4A-11D0-8D11-00A0C91BC942}") = "Bai022", "Bai022\Bai022.vcxproj", "{2C252259-0E41-4072-9B7B-BCC6D5D12E7C}"
EndProject
Project("{8BC9CEB8-8B4A-11D0-8D11-00A0C91BC942}") = "Bai023", "Bai023\Bai023.vcxproj", "{896F8CA1-160C-400C-BF54-41974160852A}"
EndProject
Project("{8BC9CEB8-8B4A-11D0-8D11-00A0C91BC942}") = "Bai024", "Bai024\Bai024.vcxproj", "{D0328DD0-C0DC-4750-9FDE-7B21B73B589E}"
EndProject
Project("{8BC9CEB8-8B4A-11D0-8D11-00A0C91BC942}") = "Bai025", "Bai025\Bai025.vcxproj", "{FA444E04-5DD5-4D19-B919-AE4D769E7988}"
EndProject
Project("{8BC9CEB8-8B4A-11D0-8D11-00A0C91BC942}") = "Bai026", "Bai026\Bai026.vcxproj", "{968B89EC-0B6B-4E11-B3AE-587B10C8A1F9}"
EndProject
Project("{8BC9CEB8-8B4A-11D0-8D11-00A0C91BC942}") = "Bai027", "Bai027\Bai027.vcxproj", "{8DB47F14-55A3-458B-9202-50A6BE6DE504}"
EndProject
Project("{8BC9CEB8-8B4A-11D0-8D11-00A0C91BC942}") = "Bai028", "Bai028\Bai028.vcxproj", "{7A79108C-BAFD-4DAB-8EAC-462B4FE3AC2B}"
EndProject
Project("{8BC9CEB8-8B4A-11D0-8D11-00A0C91BC942}") = "Bai029", "Bai029\Bai029.vcxproj", "{8F493C47-08AA-4D9C-A37B-D0716885048A}"
EndProject
Project("{8BC9CEB8-8B4A-11D0-8D11-00A0C91BC942}") = "Bai030", "Bai030\Bai030.vcxproj", "{AE0E788D-5732-4B65-A860-29551D2D5B89}"
EndProject
Global
	GlobalSection(SolutionConfigurationPlatforms) = preSolution
		Debug|x64 = Debug|x64
		Debug|x86 = Debug|x86
		Release|x64 = Release|x64
		Release|x86 = Release|x86
	EndGlobalSection
	GlobalSection(ProjectConfigurationPlatforms) = postSolution
		{0332FA1B-EE23-40EE-913F-2AC9FFBA374A}.Debug|x64.ActiveCfg = Debug|x64
		{0332FA1B-EE23-40EE-913F-2AC9FFBA374A}.Debug|x64.Build.0 = Debug|x64
		{0332FA1B-EE23-40EE-913F-2AC9FFBA374A}.Debug|x86.ActiveCfg = Debug|Win32
		{0332FA1B-EE23-40EE-913F-2AC9FFBA374A}.Debug|x86.Build.0 = Debug|Win32
		{0332FA1B-EE23-40EE-913F-2AC9FFBA374A}.Release|x64.ActiveCfg = Release|x64
		{0332FA1B-EE23-40EE-913F-2AC9FFBA374A}.Release|x64.Build.0 = Release|x64
		{0332FA1B-EE23-40EE-913F-2AC9FFBA374A}.Release|x86.ActiveCfg = Release|Win32
		{0332FA1B-EE23-40EE-913F-2AC9FFBA374A}.Release|x86.Build.0 = Release|Win32
		{6360CF89-1322-4777-8582-ED41450B5419}.Debug|x64.ActiveCfg = Debug|x64
		{6360CF89-1322-4777-8582-ED41450B5419}.Debug|x64.Build.0 = Debug|x64
		{6360CF89-1322-4777-8582-ED41450B5419}.Debug|x86.ActiveCfg = Debug|Win32
		{6360CF89-1322-4777-8582-ED41450B5419}.Debug|x86.Build.0 = Debug|Win32
		{6360CF89-1322-4777-8582-ED41450B5419}.Release|x64.ActiveCfg = Release|x64
		{6360CF89-1322-4777-8582-ED41450B5419}.Release|x64.Build.0 = Release|x64
		{6360CF89-1322-4777-8582-ED41450B5419}.Release|x86.ActiveCfg = Release|Win32
		{6360CF89-1322-4777-8582-ED41450B5419}.Release|x86.Build.0 = Release|Win32
		{DF7A7401-6B98-4C0E-B034-932EC458F03A}.Debug|x64.ActiveCfg = Debug|x64
		{DF7A7401-6B98-4C0E-B034-932EC458F03A}.Debug|x64.Build.0 = Debug|x64
		{DF7A7401-6B98-4C0E-B034-932EC458F03A}.Debug|x86.ActiveCfg = Debug|Win32
		{DF7A7401-6B98-4C0E-B034-932EC458F03A}.Debug|x86.Build.0 = Debug|Win32
		{DF7A7401-6B98-4C0E-B034-932EC458F03A}.Release|x64.ActiveCfg = Release|x64
		{DF7A7401-6B98-4C0E-B034-932EC458F03A}.Release|x64.Build.0 = Release|x64
		{DF7A7401-6B98-4C0E-B034-932EC458F03A}.Release|x86.ActiveCfg = Release|Win32
		{DF7A7401-6B98-4C0E-B034-932EC458F03A}.Release|x86.Build.0 = Release|Win32
		{6043E630-0595-4797-BA2A-1346A44B6599}.Debug|x64.ActiveCfg = Debug|x64
		{6043E630-0595-4797-BA2A-1346A44B6599}.Debug|x64.Build.0 = Debug|x64
		{6043E630-0595-4797-BA2A-1346A44B6599}.Debug|x86.ActiveCfg = Debug|Win32
		{6043E630-0595-4797-BA2A-1346A44B6599}.Debug|x86.Build.0 = Debug|Win32
		{6043E630-0595-4797-BA2A-1346A44B6599}.Release|x64.ActiveCfg = Release|x64
		{6043E630-0595-4797-BA2A-1346A44B6599}.Release|x64.Build.0 = Release|x64
		{6043E630-0595-4797-BA2A-1346A44B6599}.Release|x86.ActiveCfg = Release|Win32
		{6043E630-0595-4797-BA2A-1346A44B6599}.Release|x86.Build.0 = Release|Win32
		{044F3BE9-DB64-4AA9-B862-DB24F3C749D9}.Debug|x64.ActiveCfg = Debug|x64
		{044F3BE9-DB64-4AA9-B862-DB24F3C749D9}.Debug|x64.Build.0 = Debug|x64
		{044F3BE9-DB64-4AA9-B862-DB24F3C749D9}.Debug|x86.ActiveCfg = Debug|Win32
		{044F3BE9-DB64-4AA9-B862-DB24F3C749D9}.Debug|x86.Build.0 = Debug|Win32
		{044F3BE9-DB64-4AA9-B862-DB24F3C749D9}.Release|x64.ActiveCfg = Release|x64
		{044F3BE9-DB64-4AA9-B862-DB24F3C749D9}.Release|x64.Build.0 = Release|x64
		{044F3BE9-DB64-4AA9-B862-DB24F3C749D9}.Release|x86.ActiveCfg = Release|Win32
		{044F3BE9-DB64-4AA9-B862-DB24F3C749D9}.Release|x86.Build.0 = Release|Win32
		{1E720494-5779-48AF-A2CE-CCDA63C8040C}.Debug|x64.ActiveCfg = Debug|x64
		{1E720494-5779-48AF-A2CE-CCDA63C8040C}.Debug|x64.Build.0 = Debug|x64
		{1E720494-5779-48AF-A2CE-CCDA63C8040C}.Debug|x86.ActiveCfg = Debug|Win32
		{1E720494-5779-48AF-A2CE-CCDA63C8040C}.Debug|x86.Build.0 = Debug|Win32
		{1E720494-5779-48AF-A2CE-CCDA63C8040C}.Release|x64.ActiveCfg = Release|x64
		{1E720494-5779-48AF-A2CE-CCDA63C8040C}.Release|x64.Build.0 = Release|x64
		{1E720494-5779-48AF-A2CE-CCDA63C8040C}.Release|x86.ActiveCfg = Release|Win32
		{1E720494-5779-48AF-A2CE-CCDA63C8040C}.Release|x86.Build.0 = Release|Win32
		{8A9AB2D8-C790-4510-8AA6-AA68B09A465F}.Debug|x64.ActiveCfg = Debug|x64
		{8A9AB2D8-C790-4510-8AA6-AA68B09A465F}.Debug|x64.Build.0 = Debug|x64
		{8A9AB2D8-C790-4510-8AA6-AA68B09A465F}.Debug|x86.ActiveCfg = Debug|Win32
		{8A9AB2D8-C790-4510-8AA6-AA68B09A465F}.Debug|x86.Build.0 = Debug|Win32
		{8A9AB2D8-C790-4510-8AA6-AA68B09A465F}.Release|x64.ActiveCfg = Release|x64
		{8A9AB2D8-C790-4510-8AA6-AA68B09A465F}.Release|x64.Build.0 = Release|x64
		{8A9AB2D8-C790-4510-8AA6-AA68B09A465F}.Release|x86.ActiveCfg = Release|Win32
		{8A9AB2D8-C790-4510-8AA6-AA68B09A465F}.Release|x86.Build.0 = Release|Win32
		{54B2E809-C204-4F0A-A21B-39C3714F0CDD}.Debug|x64.ActiveCfg = Debug|x64
		{54B2E809-C204-4F0A-A21B-39C3714F0CDD}.Debug|x64.Build.0 = Debug|x64
		{54B2E809-C204-4F0A-A21B-39C3714F0CDD}.Debug|x86.ActiveCfg = Debug|Win32
		{54B2E809-C204-4F0A-A21B-39C3714F0CDD}.Debug|x86.Build.0 = Debug|Win32
		{54B2E809-C204-4F0A-A21B-39C3714F0CDD}.Release|x64.ActiveCfg = Release|x64
		{54B2E809-C204-4F0A-A21B-39C3714F0CDD}.Release|x64.Build.0 = Release|x64
		{54B2E809-C204-4F0A-A21B-39C3714F0CDD}.Release|x86.ActiveCfg = Release|Win32
		{54B2E809-C204-4F0A-A21B-39C3714F0CDD}.Release|x86.Build.0 = Release|Win32
		{19FAB564-836F-4C54-BC86-083243C938A6}.Debug|x64.ActiveCfg = Debug|x64
		{19FAB564-836F-4C54-BC86-083243C938A6}.Debug|x64.Build.0 = Debug|x64
		{19FAB564-836F-4C54-BC86-083243C938A6}.Debug|x86.ActiveCfg = Debug|Win32
		{19FAB564-836F-4C54-BC86-083243C938A6}.Debug|x86.Build.0 = Debug|Win32
		{19FAB564-836F-4C54-BC86-083243C938A6}.Release|x64.ActiveCfg = Release|x64
		{19FAB564-836F-4C54-BC86-083243C938A6}.Release|x64.Build.0 = Release|x64
		{19FAB564-836F-4C54-BC86-083243C938A6}.Release|x86.ActiveCfg = Release|Win32
		{19FAB564-836F-4C54-BC86-083243C938A6}.Release|x86.Build.0 = Release|Win32
		{A15A66F6-A2F7-4DFE-9B6D-BDCE56849F16}.Debug|x64.ActiveCfg = Debug|x64
		{A15A66F6-A2F7-4DFE-9B6D-BDCE56849F16}.Debug|x64.Build.0 = Debug|x64
		{A15A66F6-A2F7-4DFE-9B6D-BDCE56849F16}.Debug|x86.ActiveCfg = Debug|Win32
		{A15A66F6-A2F7-4DFE-9B6D-BDCE56849F16}.Debug|x86.Build.0 = Debug|Win32
		{A15A66F6-A2F7-4DFE-9B6D-BDCE56849F16}.Release|x64.ActiveCfg = Release|x64
		{A15A66F6-A2F7-4DFE-9B6D-BDCE56849F16}.Release|x64.Build.0 = Release|x64
		{A15A66F6-A2F7-4DFE-9B6D-BDCE56849F16}.Release|x86.ActiveCfg = Release|Win32
		{A15A66F6-A2F7-4DFE-9B6D-BDCE56849F16}.Release|x86.Build.0 = Release|Win32
		{8965C5D8-4900-40C5-A77C-DDC92D849C3B}.Debug|x64.ActiveCfg = Debug|x64
		{8965C5D8-4900-40C5-A77C-DDC92D849C3B}.Debug|x64.Build.0 = Debug|x64
		{8965C5D8-4900-40C5-A77C-DDC92D849C3B}.Debug|x86.ActiveCfg = Debug|Win32
		{8965C5D8-4900-40C5-A77C-DDC92D849C3B}.Debug|x86.Build.0 = Debug|Win32
		{8965C5D8-4900-40C5-A77C-DDC92D849C3B}.Release|x64.ActiveCfg = Release|x64
		{8965C5D8-4900-40C5-A77C-DDC92D849C3B}.Release|x64.Build.0 = Release|x64
		{8965C5D8-4900-40C5-A77C-DDC92D849C3B}.Release|x86.ActiveCfg = Release|Win32
		{8965C5D8-4900-40C5-A77C-DDC92D849C3B}.Release|x86.Build.0 = Release|Win32
		{216249EC-558B-4828-8623-87A72AEA69B4}.Debug|x64.ActiveCfg = Debug|x64
		{216249EC-558B-4828-8623-87A72AEA69B4}.Debug|x64.Build.0 = Debug|x64
		{216249EC-558B-4828-8623-87A72AEA69B4}.Debug|x86.ActiveCfg = Debug|Win32
		{216249EC-558B-4828-8623-87A72AEA69B4}.Debug|x86.Build.0 = Debug|Win32
		{216249EC-558B-4828-8623-87A72AEA69B4}.Release|x64.ActiveCfg = Release|x64
		{216249EC-558B-4828-8623-87A72AEA69B4}.Release|x64.Build.0 = Release|x64
		{216249EC-558B-4828-8623-87A72AEA69B4}.Release|x86.ActiveCfg = Release|Win32
		{216249EC-558B-4828-8623-87A72AEA69B4}.Release|x86.Build.0 = Release|Win32
		{729B98F8-8A43-4B0B-B030-7C174E80C6FC}.Debug|x64.ActiveCfg = Debug|x64
		{729B98F8-8A43-4B0B-B030-7C174E80C6FC}.Debug|x64.Build.0 = Debug|x64
		{729B98F8-8A43-4B0B-B030-7C174E80C6FC}.Debug|x86.ActiveCfg = Debug|Win32
		{729B98F8-8A43-4B0B-B030-7C174E80C6FC}.Debug|x86.Build.0 = Debug|Win32
		{729B98F8-8A43-4B0B-B030-7C174E80C6FC}.Release|x64.ActiveCfg = Release|x64
		{729B98F8-8A43-4B0B-B030-7C174E80C6FC}.Release|x64.Build.0 = Release|x64
		{729B98F8-8A43-4B0B-B030-7C174E80C6FC}.Release|x86.ActiveCfg = Release|Win32
		{729B98F8-8A43-4B0B-B030-7C174E80C6FC}.Release|x86.Build.0 = Release|Win32
		{BFDDE4DB-ED5A-44EF-B415-DD888A891E9A}.Debug|x64.ActiveCfg = Debug|x64
		{BFDDE4DB-ED5A-44EF-B415-DD888A891E9A}.Debug|x64.Build.0 = Debug|x64
		{BFDDE4DB-ED5A-44EF-B415-DD888A891E9A}.Debug|x86.ActiveCfg = Debug|Win32
		{BFDDE4DB-ED5A-44EF-B415-DD888A891E9A}.Debug|x86.Build.0 = Debug|Win32
		{BFDDE4DB-ED5A-44EF-B415-DD888A891E9A}.Release|x64.ActiveCfg = Release|x64
		{BFDDE4DB-ED5A-44EF-B415-DD888A891E9A}.Release|x64.Build.0 = Release|x64
		{BFDDE4DB-ED5A-44EF-B415-DD888A891E9A}.Release|x86.ActiveCfg = Release|Win32
		{BFDDE4DB-ED5A-44EF-B415-DD888A891E9A}.Release|x86.Build.0 = Release|Win32
		{BAB0D887-F9D6-4D42-A4B2-2011B10C3145}.Debug|x64.ActiveCfg = Debug|x64
		{BAB0D887-F9D6-4D42-A4B2-2011B10C3145}.Debug|x64.Build.0 = Debug|x64
		{BAB0D887-F9D6-4D42-A4B2-2011B10C3145}.Debug|x86.ActiveCfg = Debug|Win32
		{BAB0D887-F9D6-4D42-A4B2-2011B10C3145}.Debug|x86.Build.0 = Debug|Win32
		{BAB0D887-F9D6-4D42-A4B2-2011B10C3145}.Release|x64.ActiveCfg = Release|x64
		{BAB0D887-F9D6-4D42-A4B2-2011B10C3145}.Release|x64.Build.0 = Release|x64
		{BAB0D887-F9D6-4D42-A4B2-2011B10C3145}.Release|x86.ActiveCfg = Release|Win32
		{BAB0D887-F9D6-4D42-A4B2-2011B10C3145}.Release|x86.Build.0 = Release|Win32
		{6D79BA5E-D68C-4AE8-9B57-4431D4190464}.Debug|x64.ActiveCfg = Debug|x64
		{6D79BA5E-D68C-4AE8-9B57-4431D4190464}.Debug|x64.Build.0 = Debug|x64
		{6D79BA5E-D68C-4AE8-9B57-4431D4190464}.Debug|x86.ActiveCfg = Debug|Win32
		{6D79BA5E-D68C-4AE8-9B57-4431D4190464}.Debug|x86.Build.0 = Debug|Win32
		{6D79BA5E-D68C-4AE8-9B57-4431D4190464}.Release|x64.ActiveCfg = Release|x64
		{6D79BA5E-D68C-4AE8-9B57-4431D4190464}.Release|x64.Build.0 = Release|x64
		{6D79BA5E-D68C-4AE8-9B57-4431D4190464}.Release|x86.ActiveCfg = Release|Win32
		{6D79BA5E-D68C-4AE8-9B57-4431D4190464}.Release|x86.Build.0 = Release|Win32
		{24A6B41E-4906-48CF-BAB0-21390690F511}.Debug|x64.ActiveCfg = Debug|x64
		{24A6B41E-4906-48CF-BAB0-21390690F511}.Debug|x64.Build.0 = Debug|x64
		{24A6B41E-4906-48CF-BAB0-21390690F511}.Debug|x86.ActiveCfg = Debug|Win32
		{24A6B41E-4906-48CF-BAB0-21390690F511}.Debug|x86.Build.0 = Debug|Win32
		{24A6B41E-4906-48CF-BAB0-21390690F511}.Release|x64.ActiveCfg = Release|x64
		{24A6B41E-4906-48CF-BAB0-21390690F511}.Release|x64.Build.0 = Release|x64
		{24A6B41E-4906-48CF-BAB0-21390690F511}.Release|x86.ActiveCfg = Release|Win32
		{24A6B41E-4906-48CF-BAB0-21390690F511}.Release|x86.Build.0 = Release|Win32
		{8DFF9A6F-D588-45BA-90AA-419370D963FE}.Debug|x64.ActiveCfg = Debug|x64
		{8DFF9A6F-D588-45BA-90AA-419370D963FE}.Debug|x64.Build.0 = Debug|x64
		{8DFF9A6F-D588-45BA-90AA-419370D963FE}.Debug|x86.ActiveCfg = Debug|Win32
		{8DFF9A6F-D588-45BA-90AA-419370D963FE}.Debug|x86.Build.0 = Debug|Win32
		{8DFF9A6F-D588-45BA-90AA-419370D963FE}.Release|x64.ActiveCfg = Release|x64
		{8DFF9A6F-D588-45BA-90AA-419370D963FE}.Release|x64.Build.0 = Release|x64
		{8DFF9A6F-D588-45BA-90AA-419370D963FE}.Release|x86.ActiveCfg = Release|Win32
		{8DFF9A6F-D588-45BA-90AA-419370D963FE}.Release|x86.Build.0 = Release|Win32
		{57DE4E0B-F2C4-426E-B6B0-10692FBF3E6D}.Debug|x64.ActiveCfg = Debug|x64
		{57DE4E0B-F2C4-426E-B6B0-10692FBF3E6D}.Debug|x64.Build.0 = Debug|x64
		{57DE4E0B-F2C4-426E-B6B0-10692FBF3E6D}.Debug|x86.ActiveCfg = Debug|Win32
		{57DE4E0B-F2C4-426E-B6B0-10692FBF3E6D}.Debug|x86.Build.0 = Debug|Win32
		{57DE4E0B-F2C4-426E-B6B0-10692FBF3E6D}.Release|x64.ActiveCfg = Release|x64
		{57DE4E0B-F2C4-426E-B6B0-10692FBF3E6D}.Release|x64.Build.0 = Release|x64
		{57DE4E0B-F2C4-426E-B6B0-10692FBF3E6D}.Release|x86.ActiveCfg = Release|Win32
		{57DE4E0B-F2C4-426E-B6B0-10692FBF3E6D}.Release|x86.Build.0 = Release|Win32
		{0A93B423-CFFE-4775-9206-1E417F65D81A}.Debug|x64.ActiveCfg = Debug|x64
		{0A93B423-CFFE-4775-9206-1E417F65D81A}.Debug|x64.Build.0 = Debug|x64
		{0A93B423-CFFE-4775-9206-1E417F65D81A}.Debug|x86.ActiveCfg = Debug|Win32
		{0A93B423-CFFE-4775-9206-1E417F65D81A}.Debug|x86.Build.0 = Debug|Win32
		{0A93B423-CFFE-4775-9206-1E417F65D81A}.Release|x64.ActiveCfg = Release|x64
		{0A93B423-CFFE-4775-9206-1E417F65D81A}.Release|x64.Build.0 = Release|x64
		{0A93B423-CFFE-4775-9206-1E417F65D81A}.Release|x86.ActiveCfg = Release|Win32
		{0A93B423-CFFE-4775-9206-1E417F65D81A}.Release|x86.Build.0 = Release|Win32
		{5D42DACC-2DF4-46F8-95B3-17995EC52C34}.Debug|x64.ActiveCfg = Debug|x64
		{5D42DACC-2DF4-46F8-95B3-17995EC52C34}.Debug|x64.Build.0 = Debug|x64
		{5D42DACC-2DF4-46F8-95B3-17995EC52C34}.Debug|x86.ActiveCfg = Debug|Win32
		{5D42DACC-2DF4-46F8-95B3-17995EC52C34}.Debug|x86.Build.0 = Debug|Win32
		{5D42DACC-2DF4-46F8-95B3-17995EC52C34}.Release|x64.ActiveCfg = Release|x64
		{5D42DACC-2DF4-46F8-95B3-17995EC52C34}.Release|x64.Build.0 = Release|x64
		{5D42DACC-2DF4-46F8-95B3-17995EC52C34}.Release|x86.ActiveCfg = Release|Win32
		{5D42DACC-2DF4-46F8-95B3-17995EC52C34}.Release|x86.Build.0 = Release|Win32
		{2C252259-0E41-4072-9B7B-BCC6D5D12E7C}.Debug|x64.ActiveCfg = Debug|x64
		{2C252259-0E41-4072-9B7B-BCC6D5D12E7C}.Debug|x64.Build.0 = Debug|x64
		{2C252259-0E41-4072-9B7B-BCC6D5D12E7C}.Debug|x86.ActiveCfg = Debug|Win32
		{2C252259-0E41-4072-9B7B-BCC6D5D12E7C}.Debug|x86.Build.0 = Debug|Win32
		{2C252259-0E41-4072-9B7B-BCC6D5D12E7C}.Release|x64.ActiveCfg = Release|x64
		{2C252259-0E41-4072-9B7B-BCC6D5D12E7C}.Release|x64.Build.0 = Release|x64
		{2C252259-0E41-4072-9B7B-BCC6D5D12E7C}.Release|x86.ActiveCfg = Release|Win32
		{2C252259-0E41-4072-9B7B-BCC6D5D12E7C}.Release|x86.Build.0 = Release|Win32
		{896F8CA1-160C-400C-BF54-41974160852A}.Debug|x64.ActiveCfg = Debug|x64
		{896F8CA1-160C-400C-BF54-41974160852A}.Debug|x64.Build.0 = Debug|x64
		{896F8CA1-160C-400C-BF54-41974160852A}.Debug|x86.ActiveCfg = Debug|Win32
		{896F8CA1-160C-400C-BF54-41974160852A}.Debug|x86.Build.0 = Debug|Win32
		{896F8CA1-160C-400C-BF54-41974160852A}.Release|x64.ActiveCfg = Release|x64
		{896F8CA1-160C-400C-BF54-41974160852A}.Release|x64.Build.0 = Release|x64
		{896F8CA1-160C-400C-BF54-41974160852A}.Release|x86.ActiveCfg = Release|Win32
		{896F8CA1-160C-400C-BF54-41974160852A}.Release|x86.Build.0 = Release|Win32
		{D0328DD0-C0DC-4750-9FDE-7B21B73B589E}.Debug|x64.ActiveCfg = Debug|x64
		{D0328DD0-C0DC-4750-9FDE-7B21B73B589E}.Debug|x64.Build.0 = Debug|x64
		{D0328DD0-C0DC-4750-9FDE-7B21B73B589E}.Debug|x86.ActiveCfg = Debug|Win32
		{D0328DD0-C0DC-4750-9FDE-7B21B73B589E}.Debug|x86.Build.0 = Debug|Win32
		{D0328DD0-C0DC-4750-9FDE-7B21B73B589E}.Release|x64.ActiveCfg = Release|x64
		{D0328DD0-C0DC-4750-9FDE-7B21B73B589E}.Release|x64.Build.0 = Release|x64
		{D0328DD0-C0DC-4750-9FDE-7B21B73B589E}.Release|x86.ActiveCfg = Release|Win32
		{D0328DD0-C0DC-4750-9FDE-7B21B73B589E}.Release|x86.Build.0 = Release|Win32
		{FA444E04-5DD5-4D19-B919-AE4D769E7988}.Debug|x64.ActiveCfg = Debug|x64
		{FA444E04-5DD5-4D19-B919-AE4D769E7988}.Debug|x64.Build.0 = Debug|x64
		{FA444E04-5DD5-4D19-B919-AE4D769E7988}.Debug|x86.ActiveCfg = Debug|Win32
		{FA444E04-5DD5-4D19-B919-AE4D769E7988}.Debug|x86.Build.0 = Debug|Win32
		{FA444E04-5DD5-4D19-B919-AE4D769E7988}.Release|x64.ActiveCfg = Release|x64
		{FA444E04-5DD5-4D19-B919-AE4D769E7988}.Release|x64.Build.0 = Release|x64
		{FA444E04-5DD5-4D19-B919-AE4D769E7988}.Release|x86.ActiveCfg = Release|Win32
		{FA444E04-5DD5-4D19-B919-AE4D769E7988}.Release|x86.Build.0 = Release|Win32
		{968B89EC-0B6B-4E11-B3AE-587B10C8A1F9}.Debug|x64.ActiveCfg = Debug|x64
		{968B89EC-0B6B-4E11-B3AE-587B10C8A1F9}.Debug|x64.Build.0 = Debug|x64
		{968B89EC-0B6B-4E11-B3AE-587B10C8A1F9}.Debug|x86.ActiveCfg = Debug|Win32
		{968B89EC-0B6B-4E11-B3AE-587B10C8A1F9}.Debug|x86.Build.0 = Debug|Win32
		{968B89EC-0B6B-4E11-B3AE-587B10C8A1F9}.Release|x64.ActiveCfg = Release|x64
		{968B89EC-0B6B-4E11-B3AE-587B10C8A1F9}.Release|x64.Build.0 = Release|x64
		{968B89EC-0B6B-4E11-B3AE-587B10C8A1F9}.Release|x86.ActiveCfg = Release|Win32
		{968B89EC-0B6B-4E11-B3AE-587B10C8A1F9}.Release|x86.Build.0 = Release|Win32
		{8DB47F14-55A3-458B-9202-50A6BE6DE504}.Debug|x64.ActiveCfg = Debug|x64
		{8DB47F14-55A3-458B-9202-50A6BE6DE504}.Debug|x64.Build.0 = Debug|x64
		{8DB47F14-55A3-458B-9202-50A6BE6DE504}.Debug|x86.ActiveCfg = Debug|Win32
		{8DB47F14-55A3-458B-9202-50A6BE6DE504}.Debug|x86.Build.0 = Debug|Win32
		{8DB47F14-55A3-458B-9202-50A6BE6DE504}.Release|x64.ActiveCfg = Release|x64
		{8DB47F14-55A3-458B-9202-50A6BE6DE504}.Release|x64.Build.0 = Release|x64
		{8DB47F14-55A3-458B-9202-50A6BE6DE504}.Release|x86.ActiveCfg = Release|Win32
		{8DB47F14-55A3-458B-9202-50A6BE6DE504}.Release|x86.Build.0 = Release|Win32
		{7A79108C-BAFD-4DAB-8EAC-462B4FE3AC2B}.Debug|x64.ActiveCfg = Debug|x64
		{7A79108C-BAFD-4DAB-8EAC-462B4FE3AC2B}.Debug|x64.Build.0 = Debug|x64
		{7A79108C-BAFD-4DAB-8EAC-462B4FE3AC2B}.Debug|x86.ActiveCfg = Debug|Win32
		{7A79108C-BAFD-4DAB-8EAC-462B4FE3AC2B}.Debug|x86.Build.0 = Debug|Win32
		{7A79108C-BAFD-4DAB-8EAC-462B4FE3AC2B}.Release|x64.ActiveCfg = Release|x64
		{7A79108C-BAFD-4DAB-8EAC-462B4FE3AC2B}.Release|x64.Build.0 = Release|x64
		{7A79108C-BAFD-4DAB-8EAC-462B4FE3AC2B}.Release|x86.ActiveCfg = Release|Win32
		{7A79108C-BAFD-4DAB-8EAC-462B4FE3AC2B}.Release|x86.Build.0 = Release|Win32
		{8F493C47-08AA-4D9C-A37B-D0716885048A}.Debug|x64.ActiveCfg = Debug|x64
		{8F493C47-08AA-4D9C-A37B-D0716885048A}.Debug|x64.Build.0 = Debug|x64
		{8F493C47-08AA-4D9C-A37B-D0716885048A}.Debug|x86.ActiveCfg = Debug|Win32
		{8F493C47-08AA-4D9C-A37B-D0716885048A}.Debug|x86.Build.0 = Debug|Win32
		{8F493C47-08AA-4D9C-A37B-D0716885048A}.Release|x64.ActiveCfg = Release|x64
		{8F493C47-08AA-4D9C-A37B-D0716885048A}.Release|x64.Build.0 = Release|x64
		{8F493C47-08AA-4D9C-A37B-D0716885048A}.Release|x86.ActiveCfg = Release|Win32
		{8F493C47-08AA-4D9C-A37B-D0716885048A}.Release|x86.Build.0 = Release|Win32
		{AE0E788D-5732-4B65-A860-29551D2D5B89}.Debug|x64.ActiveCfg = Debug|x64
		{AE0E788D-5732-4B65-A860-29551D2D5B89}.Debug|x64.Build.0 = Debug|x64
		{AE0E788D-5732-4B65-A860-29551D2D5B89}.Debug|x86.ActiveCfg = Debug|Win32
		{AE0E788D-5732-4B65-A860-29551D2D5B89}.Debug|x86.Build.0 = Debug|Win32
		{AE0E788D-5732-4B65-A860-29551D2D5B89}.Release|x64.ActiveCfg = Release|x64
		{AE0E788D-5732-4B65-A860-29551D2D5B89}.Release|x64.Build.0 = Release|x64
		{AE0E788D-5732-4B65-A860-29551D2D5B89}.Release|x86.ActiveCfg = Release|Win32
		{AE0E788D-5732-4B65-A860-29551D2D5B89}.Release|x86.Build.0 = Release|Win32
	EndGlobalSection
	GlobalSection(SolutionProperties) = preSolution
		HideSolutionNode = FALSE
	EndGlobalSection
	GlobalSection(ExtensibilityGlobals) = postSolution
		SolutionGuid = {32A945C9-F251-431E-A1E9-134961AEE5F7}
	EndGlobalSection
EndGlobal
